
Microsoft Visual Studio Solution File, Format Version 12.00
# Visual Studio 15
VisualStudioVersion = 15.0.28307.757
MinimumVisualStudioVersion = 10.0.40219.1
Project("{8BC9CEB8-8B4A-11D0-8D11-00A0C91BC942}") = "DLL_export_template", "DLL_export_template\DLL_export_template.vcxproj", "{E937914C-681F-465E-BF50-12CA3048280D}"
EndProject
Project("{8BC9CEB8-8B4A-11D0-8D11-00A0C91BC942}") = "DLL_test", "DLL_test\DLL_test.vcxproj", "{C7620299-9908-4302-A57C-CE5E831D0D61}"
EndProject
Project("{8BC9CEB8-8B4A-11D0-8D11-00A0C91BC942}") = "cutParcel", "cutParcel\cutParcel.vcxproj", "{D6AD0BE1-0365-4219-8C5A-4541A6621BFC}"
EndProject
Global
	GlobalSection(SolutionConfigurationPlatforms) = preSolution
		Debug|x64 = Debug|x64
		Debug|x86 = Debug|x86
		Release|x64 = Release|x64
		Release|x86 = Release|x86
	EndGlobalSection
	GlobalSection(ProjectConfigurationPlatforms) = postSolution
		{E937914C-681F-465E-BF50-12CA3048280D}.Debug|x64.ActiveCfg = Debug|x64
		{E937914C-681F-465E-BF50-12CA3048280D}.Debug|x64.Build.0 = Debug|x64
		{E937914C-681F-465E-BF50-12CA3048280D}.Debug|x86.ActiveCfg = Debug|Win32
		{E937914C-681F-465E-BF50-12CA3048280D}.Debug|x86.Build.0 = Debug|Win32
		{E937914C-681F-465E-BF50-12CA3048280D}.Release|x64.ActiveCfg = Release|x64
		{E937914C-681F-465E-BF50-12CA3048280D}.Release|x64.Build.0 = Release|x64
		{E937914C-681F-465E-BF50-12CA3048280D}.Release|x86.ActiveCfg = Release|Win32
		{E937914C-681F-465E-BF50-12CA3048280D}.Release|x86.Build.0 = Release|Win32
		{C7620299-9908-4302-A57C-CE5E831D0D61}.Debug|x64.ActiveCfg = Debug|x64
		{C7620299-9908-4302-A57C-CE5E831D0D61}.Debug|x64.Build.0 = Debug|x64
		{C7620299-9908-4302-A57C-CE5E831D0D61}.Debug|x86.ActiveCfg = Debug|Win32
		{C7620299-9908-4302-A57C-CE5E831D0D61}.Debug|x86.Build.0 = Debug|Win32
		{C7620299-9908-4302-A57C-CE5E831D0D61}.Release|x64.ActiveCfg = Release|x64
		{C7620299-9908-4302-A57C-CE5E831D0D61}.Release|x64.Build.0 = Release|x64
		{C7620299-9908-4302-A57C-CE5E831D0D61}.Release|x86.ActiveCfg = Release|Win32
		{C7620299-9908-4302-A57C-CE5E831D0D61}.Release|x86.Build.0 = Release|Win32
		{D6AD0BE1-0365-4219-8C5A-4541A6621BFC}.Debug|x64.ActiveCfg = Debug|x64
		{D6AD0BE1-0365-4219-8C5A-4541A6621BFC}.Debug|x64.Build.0 = Debug|x64
		{D6AD0BE1-0365-4219-8C5A-4541A6621BFC}.Debug|x86.ActiveCfg = Debug|Win32
		{D6AD0BE1-0365-4219-8C5A-4541A6621BFC}.Debug|x86.Build.0 = Debug|Win32
		{D6AD0BE1-0365-4219-8C5A-4541A6621BFC}.Release|x64.ActiveCfg = Release|x64
		{D6AD0BE1-0365-4219-8C5A-4541A6621BFC}.Release|x64.Build.0 = Release|x64
		{D6AD0BE1-0365-4219-8C5A-4541A6621BFC}.Release|x86.ActiveCfg = Release|Win32
		{D6AD0BE1-0365-4219-8C5A-4541A6621BFC}.Release|x86.Build.0 = Release|Win32
	EndGlobalSection
	GlobalSection(SolutionProperties) = preSolution
		HideSolutionNode = FALSE
	EndGlobalSection
	GlobalSection(ExtensibilityGlobals) = postSolution
		SolutionGuid = {E35663C7-0211-4F28-A434-6045EE7A902F}
	EndGlobalSection
EndGlobal
